
Microsoft Visual Studio Solution File, Format Version 12.00
# Visual Studio Version 16
VisualStudioVersion = 16.0.30503.244
MinimumVisualStudioVersion = 10.0.40219.1
Project("{8BC9CEB8-8B4A-11D0-8D11-00A0C91BC942}") = "BaseBuilder", "BaseBuilder.vcxproj", "{83B3FE09-B88C-4F9C-9853-7F0179EE9A1A}"
EndProject
Global
	GlobalSection(SolutionConfigurationPlatforms) = preSolution
		Debug|x64 = Debug|x64
		Debug|x86 = Debug|x86
		Release|x64 = Release|x64
		Release|x86 = Release|x86
	EndGlobalSection
	GlobalSection(ProjectConfigurationPlatforms) = postSolution
		{83B3FE09-B88C-4F9C-9853-7F0179EE9A1A}.Debug|x64.ActiveCfg = Debug|x64
		{83B3FE09-B88C-4F9C-9853-7F0179EE9A1A}.Debug|x64.Build.0 = Debug|x64
		{83B3FE09-B88C-4F9C-9853-7F0179EE9A1A}.Debug|x86.ActiveCfg = Debug|Win32
		{83B3FE09-B88C-4F9C-9853-7F0179EE9A1A}.Debug|x86.Build.0 = Debug|Win32
		{83B3FE09-B88C-4F9C-9853-7F0179EE9A1A}.Release|x64.ActiveCfg = Release|x64
		{83B3FE09-B88C-4F9C-9853-7F0179EE9A1A}.Release|x64.Build.0 = Release|x64
		{83B3FE09-B88C-4F9C-9853-7F0179EE9A1A}.Release|x86.ActiveCfg = Release|Win32
		{83B3FE09-B88C-4F9C-9853-7F0179EE9A1A}.Release|x86.Build.0 = Release|Win32
	EndGlobalSection
	GlobalSection(SolutionProperties) = preSolution
		HideSolutionNode = FALSE
	EndGlobalSection
	GlobalSection(ExtensibilityGlobals) = postSolution
		SolutionGuid = {E592EBE7-1F22-43F9-92B3-798ABD72B4FB}
	EndGlobalSection
EndGlobal
